Microsoft Visual Studio Solution File, Format Version 11.00
# Visual Studio 2008

Project("{CA90F092-970B-0B09-6407-CA76951BEA26}") = "Unity ProtoType", "Assembly-CSharp-firstpass.csproj", "{CABA8B09-B8EF-7EB3-701D-0295F21990B4}"
EndProject
Project("{CA90F092-970B-0B09-6407-CA76951BEA26}") = "Unity ProtoType", "Assembly-CSharp.csproj", "{0488BC01-C89C-D1C4-8DF5-CC3A7652C0E6}"
EndProject
Project("{CA90F092-970B-0B09-6407-CA76951BEA26}") = "Unity ProtoType", "Assembly-CSharp-Editor-firstpass.csproj", "{7F50ACD2-C5A7-D2BA-E42A-D540F523C5FC}"
EndProject
Global
	GlobalSection(SolutionConfigurationPlatforms) = preSolution
		Debug|Any CPU = Debug|Any CPU
		Release|Any CPU = Release|Any CPU
	EndGlobalSection
	GlobalSection(ProjectConfigurationPlatforms) = postSolution
		{CABA8B09-B8EF-7EB3-701D-0295F21990B4}.Debug|Any CPU.ActiveCfg = Debug|Any CPU
		{CABA8B09-B8EF-7EB3-701D-0295F21990B4}.Debug|Any CPU.Build.0 = Debug|Any CPU
		{CABA8B09-B8EF-7EB3-701D-0295F21990B4}.Release|Any CPU.ActiveCfg = Release|Any CPU
		{CABA8B09-B8EF-7EB3-701D-0295F21990B4}.Release|Any CPU.Build.0 = Release|Any CPU
		{0488BC01-C89C-D1C4-8DF5-CC3A7652C0E6}.Debug|Any CPU.ActiveCfg = Debug|Any CPU
		{0488BC01-C89C-D1C4-8DF5-CC3A7652C0E6}.Debug|Any CPU.Build.0 = Debug|Any CPU
		{0488BC01-C89C-D1C4-8DF5-CC3A7652C0E6}.Release|Any CPU.ActiveCfg = Release|Any CPU
		{0488BC01-C89C-D1C4-8DF5-CC3A7652C0E6}.Release|Any CPU.Build.0 = Release|Any CPU
		{7F50ACD2-C5A7-D2BA-E42A-D540F523C5FC}.Debug|Any CPU.ActiveCfg = Debug|Any CPU
		{7F50ACD2-C5A7-D2BA-E42A-D540F523C5FC}.Debug|Any CPU.Build.0 = Debug|Any CPU
		{7F50ACD2-C5A7-D2BA-E42A-D540F523C5FC}.Release|Any CPU.ActiveCfg = Release|Any CPU
		{7F50ACD2-C5A7-D2BA-E42A-D540F523C5FC}.Release|Any CPU.Build.0 = Release|Any CPU
	EndGlobalSection
	GlobalSection(SolutionProperties) = preSolution
		HideSolutionNode = FALSE
	EndGlobalSection
	GlobalSection(MonoDevelopProperties) = preSolution
		StartupItem = Assembly-CSharp.csproj
	EndGlobalSection
EndGlobal
